
Microsoft Visual Studio Solution File, Format Version 12.00
# Visual Studio Version 17
VisualStudioVersion = 17.0.32014.148
MinimumVisualStudioVersion = 10.0.40219.1
Project("{8BC9CEB8-8B4A-11D0-8D11-00A0C91BC942}") = "Day 19", "Day 19\Day 19.vcxproj", "{CEBE74A0-ED7A-4F99-9B91-0E47F63D0108}"
EndProject
Global
	GlobalSection(SolutionConfigurationPlatforms) = preSolution
		Debug|x64 = Debug|x64
		Debug|x86 = Debug|x86
		Release|x64 = Release|x64
		Release|x86 = Release|x86
	EndGlobalSection
	GlobalSection(ProjectConfigurationPlatforms) = postSolution
		{CEBE74A0-ED7A-4F99-9B91-0E47F63D0108}.Debug|x64.ActiveCfg = Debug|x64
		{CEBE74A0-ED7A-4F99-9B91-0E47F63D0108}.Debug|x64.Build.0 = Debug|x64
		{CEBE74A0-ED7A-4F99-9B91-0E47F63D0108}.Debug|x86.ActiveCfg = Debug|Win32
		{CEBE74A0-ED7A-4F99-9B91-0E47F63D0108}.Debug|x86.Build.0 = Debug|Win32
		{CEBE74A0-ED7A-4F99-9B91-0E47F63D0108}.Release|x64.ActiveCfg = Release|x64
		{CEBE74A0-ED7A-4F99-9B91-0E47F63D0108}.Release|x64.Build.0 = Release|x64
		{CEBE74A0-ED7A-4F99-9B91-0E47F63D0108}.Release|x86.ActiveCfg = Release|Win32
		{CEBE74A0-ED7A-4F99-9B91-0E47F63D0108}.Release|x86.Build.0 = Release|Win32
	EndGlobalSection
	GlobalSection(SolutionProperties) = preSolution
		HideSolutionNode = FALSE
	EndGlobalSection
	GlobalSection(ExtensibilityGlobals) = postSolution
		SolutionGuid = {64A71BF8-0D23-4FD7-AF3E-C912BEC5A06A}
	EndGlobalSection
EndGlobal
